
Microsoft Visual Studio Solution File, Format Version 12.00
# Visual Studio Version 17
VisualStudioVersion = 17.5.002.0
MinimumVisualStudioVersion = 10.0.40219.1
Project("{9A19103F-16F7-4668-BE54-9A1E7A4F7556}") = "min-første-api", "min-første-api\min-første-api.csproj", "{AA5E16FA-4D55-4320-A8A8-278C27661321}"
EndProject
Global
	GlobalSection(SolutionConfigurationPlatforms) = preSolution
		Debug|Any CPU = Debug|Any CPU
		Release|Any CPU = Release|Any CPU
	EndGlobalSection
	GlobalSection(ProjectConfigurationPlatforms) = postSolution
		{AA5E16FA-4D55-4320-A8A8-278C27661321}.Debug|Any CPU.ActiveCfg = Debug|Any CPU
		{AA5E16FA-4D55-4320-A8A8-278C27661321}.Debug|Any CPU.Build.0 = Debug|Any CPU
		{AA5E16FA-4D55-4320-A8A8-278C27661321}.Release|Any CPU.ActiveCfg = Release|Any CPU
		{AA5E16FA-4D55-4320-A8A8-278C27661321}.Release|Any CPU.Build.0 = Release|Any CPU
	EndGlobalSection
	GlobalSection(SolutionProperties) = preSolution
		HideSolutionNode = FALSE
	EndGlobalSection
	GlobalSection(ExtensibilityGlobals) = postSolution
		SolutionGuid = {D3CE9A4B-EFA7-4C96-BDF1-CA8D646436A3}
	EndGlobalSection
EndGlobal
